// !$*UTF8*$!
{
	archiveVersion = 1;
	classes = {
	};
	objectVersion = 50;
	objects = {

/* Begin PBXBuildFile section */
		961AA1AF255C2E8E008ACD3A /* AppDelegate.swift in Sources */ = {isa = PBXBuildFile; fileRef = 961AA1AE255C2E8E008ACD3A /* AppDelegate.swift */; };
		961AA1B1255C2E8E008ACD3A /* SceneDelegate.swift in Sources */ = {isa = PBXBuildFile; fileRef = 961AA1B0255C2E8E008ACD3A /* SceneDelegate.swift */; };
		961AA1B3255C2E8E008ACD3A /* ViewController.swift in Sources */ = {isa = PBXBuildFile; fileRef = 961AA1B2255C2E8E008ACD3A /* ViewController.swift */; };
		961AA1B6255C2E8E008ACD3A /* Main.storyboard in Resources */ = {isa = PBXBuildFile; fileRef = 961AA1B4255C2E8E008ACD3A /* Main.storyboard */; };
		961AA1B8255C2E97008ACD3A /* Assets.xcassets in Resources */ = {isa = PBXBuildFile; fileRef = 961AA1B7255C2E97008ACD3A /* Assets.xcassets */; };
		961AA1BB255C2E97008ACD3A /* LaunchScreen.storyboard in Resources */ = {isa = PBXBuildFile; fileRef = 961AA1B9255C2E97008ACD3A /* LaunchScreen.storyboard */; };
/* End PBXBuildFile section */

/* Begin PBXFileReference section */
		961AA1AB255C2E8E008ACD3A /* Chroma.app */ = {isa = PBXFileReference; explicitFileType = wrapper.application; includeInIndex = 0; path = Chroma.app; sourceTree = BUILT_PRODUCTS_DIR; };
		961AA1AE255C2E8E008ACD3A /* AppDelegate.swift */ = {isa = PBXFileReference; lastKnownFileType = sourcecode.swift; path = AppDelegate.swift; sourceTree = "<group>"; };
		961AA1B0255C2E8E008ACD3A /* SceneDelegate.swift */ = {isa = PBXFileReference; lastKnownFileType = sourcecode.swift; path = SceneDelegate.swift; sourceTree = "<group>"; };
		961AA1B2255C2E8E008ACD3A /* ViewController.swift */ = {isa = PBXFileReference; lastKnownFileType = sourcecode.swift; path = ViewController.swift; sourceTree = "<group>"; };
		961AA1B5255C2E8E008ACD3A /* Base */ = {isa = PBXFileReference; lastKnownFileType = file.storyboard; name = Base; path = Base.lproj/Main.storyboard; sourceTree = "<group>"; };
		961AA1B7255C2E97008ACD3A /* Assets.xcassets */ = {isa = PBXFileReference; lastKnownFileType = folder.assetcatalog; path = Assets.xcassets; sourceTree = "<group>"; };
		961AA1BA255C2E97008ACD3A /* Base */ = {isa = PBXFileReference; lastKnownFileType = file.storyboard; name = Base; path = Base.lproj/LaunchScreen.storyboard; sourceTree = "<group>"; };
		961AA1BC255C2E97008ACD3A /* Info.plist */ = {isa = PBXFileReference; lastKnownFileType = text.plist.xml; path = Info.plist; sourceTree = "<group>"; };
/* End PBXFileReference section */

/* Begin PBXFrameworksBuildPhase section */
		961AA1A8255C2E8E008ACD3A /* Frameworks */ = {
			isa = PBXFrameworksBuildPhase;
			buildActionMask = 2147483647;
			files = (
			);
			runOnlyForDeploymentPostprocessing = 0;
		};
/* End PBXFrameworksBuildPhase section */

/* Begin PBXGroup section */
		961AA1A2255C2E8E008ACD3A = {
			isa = PBXGroup;
			children = (
				961AA1AD255C2E8E008ACD3A /* Chroma */,
				961AA1AC255C2E8E008ACD3A /* Products */,
			);
			sourceTree = "<group>";
		};
		961AA1AC255C2E8E008ACD3A /* Products */ = {
			isa = PBXGroup;
			children = (
				961AA1AB255C2E8E008ACD3A /* Chroma.app */,
			);
			name = Products;
			sourceTree = "<group>";
		};
		961AA1AD255C2E8E008ACD3A /* Chroma */ = {
			isa = PBXGroup;
			children = (
				961AA1AE255C2E8E008ACD3A /* AppDelegate.swift */,
				961AA1B0255C2E8E008ACD3A /* SceneDelegate.swift */,
				961AA1B2255C2E8E008ACD3A /* ViewController.swift */,
				961AA1B4255C2E8E008ACD3A /* Main.storyboard */,
				961AA1B7255C2E97008ACD3A /* Assets.xcassets */,
				961AA1B9255C2E97008ACD3A /* LaunchScreen.storyboard */,
				961AA1BC255C2E97008ACD3A /* Info.plist */,
			);
			path = Chroma;
			sourceTree = "<group>";
		};
/* End PBXGroup section */

/* Begin PBXNativeTarget section */
		961AA1AA255C2E8E008ACD3A /* Chroma */ = {
			isa = PBXNativeTarget;
			buildConfigurationList = 961AA1BF255C2E97008ACD3A /* Build configuration list for PBXNativeTarget "Chroma" */;
			buildPhases = (
				961AA1A7255C2E8E008ACD3A /* Sources */,
				961AA1A8255C2E8E008ACD3A /* Frameworks */,
				961AA1A9255C2E8E008ACD3A /* Resources */,
			);
			buildRules = (
			);
			dependencies = (
			);
			name = Chroma;
			productName = Chroma;
			productReference = 961AA1AB255C2E8E008ACD3A /* Chroma.app */;
			productType = "com.apple.product-type.application";
		};
/* End PBXNativeTarget section */

/* Begin PBXProject section */
		961AA1A3255C2E8E008ACD3A /* Project object */ = {
			isa = PBXProject;
			attributes = {
				LastSwiftUpdateCheck = 1120;
				LastUpgradeCheck = 1120;
				ORGANIZATIONNAME = Ukolnir;
				TargetAttributes = {
					961AA1AA255C2E8E008ACD3A = {
						CreatedOnToolsVersion = 11.2.1;
					};
				};
			};
			buildConfigurationList = 961AA1A6255C2E8E008ACD3A /* Build configuration list for PBXProject "Chroma" */;
			compatibilityVersion = "Xcode 9.3";
			developmentRegion = en;
			hasScannedForEncodings = 0;
			knownRegions = (
				en,
				Base,
			);
			mainGroup = 961AA1A2255C2E8E008ACD3A;
			productRefGroup = 961AA1AC255C2E8E008ACD3A /* Products */;
			projectDirPath = "";
			projectRoot = "";
			targets = (
				961AA1AA255C2E8E008ACD3A /* Chroma */,
			);
		};
/* End PBXProject section */

/* Begin PBXResourcesBuildPhase section */
		961AA1A9255C2E8E008ACD3A /* Resources */ = {
			isa = PBXResourcesBuildPhase;
			buildActionMask = 2147483647;
			files = (
				961AA1BB255C2E97008ACD3A /* LaunchScreen.storyboard in Resources */,
				961AA1B8255C2E97008ACD3A /* Assets.xcassets in Resources */,
				961AA1B6255C2E8E008ACD3A /* Main.storyboard in Resources */,
			);
			runOnlyForDeploymentPostprocessing = 0;
		};
/* End PBXResourcesBuildPhase section */

/* Begin PBXSourcesBuildPhase section */
		961AA1A7255C2E8E008ACD3A /* Sources */ = {
			isa = PBXSourcesBuildPhase;
			buildActionMask = 2147483647;
			files = (
				961AA1B3255C2E8E008ACD3A /* ViewController.swift in Sources */,
				961AA1AF255C2E8E008ACD3A /* AppDelegate.swift in Sources */,
				961AA1B1255C2E8E008ACD3A /* SceneDelegate.swift in Sources */,
			);
			runOnlyForDeploymentPostprocessing = 0;
		};
/* End PBXSourcesBuildPhase section */

/* Begin PBXVariantGroup section */
		961AA1B4255C2E8E008ACD3A /* Main.storyboard */ = {
			isa = PBXVariantGroup;
			children = (
				961AA1B5255C2E8E008ACD3A /* Base */,
			);
			name = Main.storyboard;
			sourceTree = "<group>";
		};
		961AA1B9255C2E97008ACD3A /* LaunchScreen.storyboard */ = {
			isa = PBXVariantGroup;
			children = (
				961AA1BA255C2E97008ACD3A /* Base */,
			);
			name = LaunchScreen.storyboard;
			sourceTree = "<group>";
		};
/* End PBXVariantGroup section */

/* Begin XCBuildConfiguration section */
		961AA1BD255C2E97008ACD3A /* Debug */ = {
			isa = XCBuildConfiguration;
			buildSettings = {
				ALWAYS_SEARCH_USER_PATHS = NO;
				CLANG_ANALYZER_NONNULL = YES;
				CLANG_ANALYZER_NUMBER_OBJECT_CONVERSION = YES_AGGRESSIVE;
				CLANG_CXX_LANGUAGE_STANDARD = "gnu++14";
				CLANG_CXX_LIBRARY = "libc++";
				CLANG_ENABLE_MODULES = YES;
				CLANG_ENABLE_OBJC_ARC = YES;
				CLANG_ENABLE_OBJC_WEAK = YES;
				CLANG_WARN_BLOCK_CAPTURE_AUTORELEASING = YES;
				CLANG_WARN_BOOL_CONVERSION = YES;
				CLANG_WARN_COMMA = YES;
				CLANG_WARN_CONSTANT_CONVERSION = YES;
				CLANG_WARN_DEPRECATED_OBJC_IMPLEMENTATIONS = YES;
				CLANG_WARN_DIRECT_OBJC_ISA_USAGE = YES_ERROR;
				CLANG_WARN_DOCUMENTATION_COMMENTS = YES;
				CLANG_WARN_EMPTY_BODY = YES;
				CLANG_WARN_ENUM_CONVERSION = YES;
				CLANG_WARN_INFINITE_RECURSION = YES;
				CLANG_WARN_INT_CONVERSION = YES;
				CLANG_WARN_NON_LITERAL_NULL_CONVERSION = YES;
				CLANG_WARN_OBJC_IMPLICIT_RETAIN_SELF = YES;
				CLANG_WARN_OBJC_LITERAL_CONVERSION = YES;
				CLANG_WARN_OBJC_ROOT_CLASS = YES_ERROR;
				CLANG_WARN_RANGE_LOOP_ANALYSIS = YES;
				CLANG_WARN_STRICT_PROTOTYPES = YES;
				CLANG_WARN_SUSPICIOUS_MOVE = YES;
				CLANG_WARN_UNGUARDED_AVAILABILITY = YES_AGGRESSIVE;
				CLANG_WARN_UNREACHABLE_CODE = YES;
				CLANG_WARN__DUPLICATE_METHOD_MATCH = YES;
				COPY_PHASE_STRIP = NO;
				DEBUG_INFORMATION_FORMAT = dwarf;
				ENABLE_STRICT_OBJC_MSGSEND = YES;
				ENABLE_TESTABILITY = YES;
				GCC_C_LANGUAGE_STANDARD = gnu11;
				GCC_DYNAMIC_NO_PIC = NO;
				GCC_NO_COMMON_BLOCKS = YES;
				GCC_OPTIMIZATION_LEVEL = 0;
				GCC_PREPROCESSOR_DEFINITIONS = (
					"DEBUG=1",
					"$(inherited)",
				);
				GCC_WARN_64_TO_32_BIT_CONVERSION = YES;
				GCC_WARN_ABOUT_RETURN_TYPE = YES_ERROR;
				GCC_WARN_UNDECLARED_SELECTOR = YES;
				GCC_WARN_UNINITIALIZED_AUTOS = YES_AGGRESSIVE;
				GCC_WARN_UNUSED_FUNCTION = YES;
				GCC_WARN_UNUSED_VARIABLE = YES;
				IPHONEOS_DEPLOYMENT_TARGET = 13.2;
				MTL_ENABLE_DEBUG_INFO = INCLUDE_SOURCE;
				MTL_FAST_MATH = YES;
				ONLY_ACTIVE_ARCH = YES;
				SDKROOT = iphoneos;
				SWIFT_ACTIVE_COMPILATION_CONDITIONS = DEBUG;
				SWIFT_OPTIMIZATION_LEVEL = "-Onone";
			};
			name = Debug;
		};
		961AA1BE255C2E97008ACD3A /* Release */ = {
			isa = XCBuildConfiguration;
			buildSettings = {
				ALWAYS_SEARCH_USER_PATHS = NO;
				CLANG_ANALYZER_NONNULL = YES;
				CLANG_ANALYZER_NUMBER_OBJECT_CONVERSION = YES_AGGRESSIVE;
				CLANG_CXX_LANGUAGE_STANDARD = "gnu++14";
				CLANG_CXX_LIBRARY = "libc++";
				CLANG_ENABLE_MODULES = YES;
				CLANG_ENABLE_OBJC_ARC = YES;
				CLANG_ENABLE_OBJC_WEAK = YES;
				CLANG_WARN_BLOCK_CAPTURE_AUTORELEASING = YES;
				CLANG_WARN_BOOL_CONVERSION = YES;
				CLANG_WARN_COMMA = YES;
				CLANG_WARN_CONSTANT_CONVERSION = YES;
				CLANG_WARN_DEPRECATED_OBJC_IMPLEMENTATIONS = YES;
				CLANG_WARN_DIRECT_OBJC_ISA_USAGE = YES_ERROR;
				CLANG_WARN_DOCUMENTATION_COMMENTS = YES;
				CLANG_WARN_EMPTY_BODY = YES;
				CLANG_WARN_ENUM_CONVERSION = YES;
				CLANG_WARN_INFINITE_RECURSION = YES;
				CLANG_WARN_INT_CONVERSION = YES;
				CLANG_WARN_NON_LITERAL_NULL_CONVERSION = YES;
				CLANG_WARN_OBJC_IMPLICIT_RETAIN_SELF = YES;
				CLANG_WARN_OBJC_LITERAL_CONVERSION = YES;
				CLANG_WARN_OBJC_ROOT_CLASS = YES_ERROR;
				CLANG_WARN_RANGE_LOOP_ANALYSIS = YES;
				CLANG_WARN_STRICT_PROTOTYPES = YES;
				CLANG_WARN_SUSPICIOUS_MOVE = YES;
				CLANG_WARN_UNGUARDED_AVAILABILITY = YES_AGGRESSIVE;
				CLANG_WARN_UNREACHABLE_CODE = YES;
				CLANG_WARN__DUPLICATE_METHOD_MATCH = YES;
				COPY_PHASE_STRIP = NO;
				DEBUG_INFORMATION_FORMAT = "dwarf-with-dsym";
				ENABLE_NS_ASSERTIONS = NO;
				ENABLE_STRICT_OBJC_MSGSEND = YES;
				GCC_C_LANGUAGE_STANDARD = gnu11;
				GCC_NO_COMMON_BLOCKS = YES;
				GCC_WARN_64_TO_32_BIT_CONVERSION = YES;
				GCC_WARN_ABOUT_RETURN_TYPE = YES_ERROR;
				GCC_WARN_UNDECLARED_SELECTOR = YES;
				GCC_WARN_UNINITIALIZED_AUTOS = YES_AGGRESSIVE;
				GCC_WARN_UNUSED_FUNCTION = YES;
				GCC_WARN_UNUSED_VARIABLE = YES;
				IPHONEOS_DEPLOYMENT_TARGET = 13.2;
				MTL_ENABLE_DEBUG_INFO = NO;
				MTL_FAST_MATH = YES;
				SDKROOT = iphoneos;
				SWIFT_COMPILATION_MODE = wholemodule;
				SWIFT_OPTIMIZATION_LEVEL = "-O";
				VALIDATE_PRODUCT = YES;
			};
			name = Release;
		};
		961AA1C0255C2E97008ACD3A /* Debug */ = {
			isa = XCBuildConfiguration;
			buildSettings = {
				ASSETCATALOG_COMPILER_APPICON_NAME = AppIcon;
				CODE_SIGN_STYLE = Automatic;
				INFOPLIST_FILE = Chroma/Info.plist;
				LD_RUNPATH_SEARCH_PATHS = (
					"$(inherited)",
					"@executable_path/Frameworks",
				);
				PRODUCT_BUNDLE_IDENTIFIER = SFEDU.Chroma;
				PRODUCT_NAME = "$(TARGET_NAME)";
				SWIFT_VERSION = 5.0;
				TARGETED_DEVICE_FAMILY = 1;
			};
			name = Debug;
		};
		961AA1C1255C2E97008ACD3A /* Release */ = {
			isa = XCBuildConfiguration;
			buildSettings = {
				ASSETCATALOG_COMPILER_APPICON_NAME = AppIcon;
				CODE_SIGN_STYLE = Automatic;
				INFOPLIST_FILE = Chroma/Info.plist;
				LD_RUNPATH_SEARCH_PATHS = (
					"$(inherited)",
					"@executable_path/Frameworks",
				);
				PRODUCT_BUNDLE_IDENTIFIER = SFEDU.Chroma;
				PRODUCT_NAME = "$(TARGET_NAME)";
				SWIFT_VERSION = 5.0;
				TARGETED_DEVICE_FAMILY = 1;
			};
			name = Release;
		};
/* End XCBuildConfiguration section */

/* Begin XCConfigurationList section */
		961AA1A6255C2E8E008ACD3A /* Build configuration list for PBXProject "Chroma" */ = {
			isa = XCConfigurationList;
			buildConfigurations = (
				961AA1BD255C2E97008ACD3A /* Debug */,
				961AA1BE255C2E97008ACD3A /* Release */,
			);
			defaultConfigurationIsVisible = 0;
			defaultConfigurationName = Release;
		};
		961AA1BF255C2E97008ACD3A /* Build configuration list for PBXNativeTarget "Chroma" */ = {
			isa = XCConfigurationList;
			buildConfigurations = (
				961AA1C0255C2E97008ACD3A /* Debug */,
				961AA1C1255C2E97008ACD3A /* Release */,
			);
			defaultConfigurationIsVisible = 0;
			defaultConfigurationName = Release;
		};
/* End XCConfigurationList section */
	};
	rootObject = 961AA1A3255C2E8E008ACD3A /* Project object */;
}
